
Microsoft Visual Studio Solution File, Format Version 12.00
# Visual Studio Version 16
VisualStudioVersion = 16.0.32126.315
MinimumVisualStudioVersion = 10.0.40219.1
Project("{9A19103F-16F7-4668-BE54-9A1E7A4F7556}") = "BankingSystemWebApi", "BankingSystemWebApi\BankingSystemWebApi.csproj", "{18043999-188E-49E7-BD41-F7075A9AD7D3}"
EndProject
Project("{FAE04EC0-301F-11D3-BF4B-00C04F79EFBC}") = "BankingSystemTestProject", "BankingSystemTestProject\BankingSystemTestProject.csproj", "{E1915283-F429-4924-94BE-825EE626ED94}"
EndProject
Global
	GlobalSection(SolutionConfigurationPlatforms) = preSolution
		Debug|Any CPU = Debug|Any CPU
		Release|Any CPU = Release|Any CPU
	EndGlobalSection
	GlobalSection(ProjectConfigurationPlatforms) = postSolution
		{18043999-188E-49E7-BD41-F7075A9AD7D3}.Debug|Any CPU.ActiveCfg = Debug|Any CPU
		{18043999-188E-49E7-BD41-F7075A9AD7D3}.Debug|Any CPU.Build.0 = Debug|Any CPU
		{18043999-188E-49E7-BD41-F7075A9AD7D3}.Release|Any CPU.ActiveCfg = Release|Any CPU
		{18043999-188E-49E7-BD41-F7075A9AD7D3}.Release|Any CPU.Build.0 = Release|Any CPU
		{E1915283-F429-4924-94BE-825EE626ED94}.Debug|Any CPU.ActiveCfg = Debug|Any CPU
		{E1915283-F429-4924-94BE-825EE626ED94}.Debug|Any CPU.Build.0 = Debug|Any CPU
		{E1915283-F429-4924-94BE-825EE626ED94}.Release|Any CPU.ActiveCfg = Release|Any CPU
		{E1915283-F429-4924-94BE-825EE626ED94}.Release|Any CPU.Build.0 = Release|Any CPU
	EndGlobalSection
	GlobalSection(SolutionProperties) = preSolution
		HideSolutionNode = FALSE
	EndGlobalSection
	GlobalSection(ExtensibilityGlobals) = postSolution
		SolutionGuid = {9BB8E053-83FA-46FC-B251-B2C0746D5E2A}
	EndGlobalSection
EndGlobal
